
Microsoft Visual Studio Solution File, Format Version 10.00
# Visual Studio 2008
Project("{FAE04EC0-301F-11D3-BF4B-00C04F79EFBC}") = "FSM", "FSM\FSM.csproj", "{D14D9F6B-9637-445A-B697-8529DDD9963E}"
EndProject
Project("{FAE04EC0-301F-11D3-BF4B-00C04F79EFBC}") = "DecomposeLib", "..\..\DecomposeLib\DecomposeLib.csproj", "{A4E7C152-CA25-4E56-A99D-33719F99EC98}"
EndProject
Project("{FAE04EC0-301F-11D3-BF4B-00C04F79EFBC}") = "Test", "Test\Test.csproj", "{0EF9A4DA-3C4A-49BE-9A39-91BE93001133}"
EndProject
Project("{FAE04EC0-301F-11D3-BF4B-00C04F79EFBC}") = "LogicUtils", "..\LogicUtils\LogicUtils.csproj", "{F1172195-C45E-43CD-B7E3-CC89BB6D8219}"
EndProject
Project("{FAE04EC0-301F-11D3-BF4B-00C04F79EFBC}") = "TestConsole", "TestConsole\TestConsole.csproj", "{CF82D732-B3C0-46A4-A0D5-D72FD0933289}"
EndProject
Project("{FAE04EC0-301F-11D3-BF4B-00C04F79EFBC}") = "FSMWinControls", "FSMWinControls\FSMWinControls.csproj", "{5419F9FE-AC0F-465E-A34D-2B4E324FD8F0}"
EndProject
Project("{FAE04EC0-301F-11D3-BF4B-00C04F79EFBC}") = "DLib.WinForms.Drawing", "..\WinForms\DLib.WinForms.Drawing\DLib.WinForms.Drawing.csproj", "{310E86A6-8D2B-433E-88D7-766486EA6FF2}"
EndProject
Project("{FAE04EC0-301F-11D3-BF4B-00C04F79EFBC}") = "ImportExport", "..\ImportExport\ImportExport.csproj", "{8FADFA05-26CA-4FD1-B898-D0C2038818FC}"
EndProject
Global
	GlobalSection(SolutionConfigurationPlatforms) = preSolution
		Debug|Any CPU = Debug|Any CPU
		Release|Any CPU = Release|Any CPU
	EndGlobalSection
	GlobalSection(ProjectConfigurationPlatforms) = postSolution
		{D14D9F6B-9637-445A-B697-8529DDD9963E}.Debug|Any CPU.ActiveCfg = Debug|Any CPU
		{D14D9F6B-9637-445A-B697-8529DDD9963E}.Debug|Any CPU.Build.0 = Debug|Any CPU
		{D14D9F6B-9637-445A-B697-8529DDD9963E}.Release|Any CPU.ActiveCfg = Release|Any CPU
		{D14D9F6B-9637-445A-B697-8529DDD9963E}.Release|Any CPU.Build.0 = Release|Any CPU
		{A4E7C152-CA25-4E56-A99D-33719F99EC98}.Debug|Any CPU.ActiveCfg = Debug|Any CPU
		{A4E7C152-CA25-4E56-A99D-33719F99EC98}.Debug|Any CPU.Build.0 = Debug|Any CPU
		{A4E7C152-CA25-4E56-A99D-33719F99EC98}.Release|Any CPU.ActiveCfg = Release|Any CPU
		{A4E7C152-CA25-4E56-A99D-33719F99EC98}.Release|Any CPU.Build.0 = Release|Any CPU
		{0EF9A4DA-3C4A-49BE-9A39-91BE93001133}.Debug|Any CPU.ActiveCfg = Debug|Any CPU
		{0EF9A4DA-3C4A-49BE-9A39-91BE93001133}.Debug|Any CPU.Build.0 = Debug|Any CPU
		{0EF9A4DA-3C4A-49BE-9A39-91BE93001133}.Release|Any CPU.ActiveCfg = Release|Any CPU
		{0EF9A4DA-3C4A-49BE-9A39-91BE93001133}.Release|Any CPU.Build.0 = Release|Any CPU
		{F1172195-C45E-43CD-B7E3-CC89BB6D8219}.Debug|Any CPU.ActiveCfg = Debug|Any CPU
		{F1172195-C45E-43CD-B7E3-CC89BB6D8219}.Debug|Any CPU.Build.0 = Debug|Any CPU
		{F1172195-C45E-43CD-B7E3-CC89BB6D8219}.Release|Any CPU.ActiveCfg = Release|Any CPU
		{F1172195-C45E-43CD-B7E3-CC89BB6D8219}.Release|Any CPU.Build.0 = Release|Any CPU
		{CF82D732-B3C0-46A4-A0D5-D72FD0933289}.Debug|Any CPU.ActiveCfg = Debug|Any CPU
		{CF82D732-B3C0-46A4-A0D5-D72FD0933289}.Debug|Any CPU.Build.0 = Debug|Any CPU
		{CF82D732-B3C0-46A4-A0D5-D72FD0933289}.Release|Any CPU.ActiveCfg = Release|Any CPU
		{CF82D732-B3C0-46A4-A0D5-D72FD0933289}.Release|Any CPU.Build.0 = Release|Any CPU
		{5419F9FE-AC0F-465E-A34D-2B4E324FD8F0}.Debug|Any CPU.ActiveCfg = Debug|Any CPU
		{5419F9FE-AC0F-465E-A34D-2B4E324FD8F0}.Debug|Any CPU.Build.0 = Debug|Any CPU
		{5419F9FE-AC0F-465E-A34D-2B4E324FD8F0}.Release|Any CPU.ActiveCfg = Release|Any CPU
		{5419F9FE-AC0F-465E-A34D-2B4E324FD8F0}.Release|Any CPU.Build.0 = Release|Any CPU
		{310E86A6-8D2B-433E-88D7-766486EA6FF2}.Debug|Any CPU.ActiveCfg = Debug|Any CPU
		{310E86A6-8D2B-433E-88D7-766486EA6FF2}.Debug|Any CPU.Build.0 = Debug|Any CPU
		{310E86A6-8D2B-433E-88D7-766486EA6FF2}.Release|Any CPU.ActiveCfg = Release|Any CPU
		{310E86A6-8D2B-433E-88D7-766486EA6FF2}.Release|Any CPU.Build.0 = Release|Any CPU
		{8FADFA05-26CA-4FD1-B898-D0C2038818FC}.Debug|Any CPU.ActiveCfg = Debug|Any CPU
		{8FADFA05-26CA-4FD1-B898-D0C2038818FC}.Debug|Any CPU.Build.0 = Debug|Any CPU
		{8FADFA05-26CA-4FD1-B898-D0C2038818FC}.Release|Any CPU.ActiveCfg = Release|Any CPU
		{8FADFA05-26CA-4FD1-B898-D0C2038818FC}.Release|Any CPU.Build.0 = Release|Any CPU
	EndGlobalSection
	GlobalSection(SolutionProperties) = preSolution
		HideSolutionNode = FALSE
	EndGlobalSection
EndGlobal
